{
    "_meta": {
        "hash": {
            "sha256": "23b7daba5774b435452c13e8bb12dc8a3b457473542a324e269be95f5bbbd3a8"
        },
        "pipfile-spec": 6,
        "requires": {
            "python_version": "3.9"
        },
        "sources": [
            {
                "name": "pypi",
                "url": "https://pypi.org/simple",
                "verify_ssl": true
            }
        ]
    },
    "default": {
        "colorama": {
            "hashes": [
                "sha256:eb21f2ba718fbf357afdfdf6f641ab393901c7ca8d9f37edd0bee4806ffa269c"
            ],
            "index": "pypi",
            "version": "==0.3.3"
        }
    },
    "develop": {}
}
